<?xml version="1.0" encoding="utf-8"?>
<Project ToolsVersion="4.0" xmlns="http://schemas.microsoft.com/developer/msbuild/2003">
  <ItemGroup>
    <Filter Include="Source Files">
      <UniqueIdentifier>{4FC737F1-C7A5-4376-A066-2A32D752A2FF}</UniqueIdentifier>
      <Extensions>cpp;c;cc;cxx;def;odl;idl;hpj;bat;asm;asmx</Extensions>
    </Filter>
    <Filter Include="Header Files">
      <UniqueIdentifier>{93995380-89BD-4b04-88EB-625FBE52EBFB}</UniqueIdentifier>
      <Extensions>h;hh;hpp;hxx;hm;inl;inc;xsd</Extensions>
    </Filter>
    <Filter Include="Resource Files">
      <UniqueIdentifier>{67DA6AB6-F800-4c08-8B7A-83BB121AAD01}</UniqueIdentifier>
      <Extensions>rc;ico;cur;bmp;dlg;rc2;rct;bin;rgs;gif;jpg;jpeg;jpe;resx;tiff;tif;png;wav;mfcribbon-ms</Extensions>
    </Filter>
    <Filter Include="Components">
      <UniqueIdentifier>{ae4e93fb-1551-4d94-bcfd-5b0ce39a5240}</UniqueIdentifier>
    </Filter>
    <Filter Include="Components\Source Files">
      <UniqueIdentifier>{524ddb90-d5cd-4f8e-8bab-04205b5e8bc8}</UniqueIdentifier>
    </Filter>
    <Filter Include="Components\Header Files">
      <UniqueIdentifier>{ca7d92bb-962f-47e5-9aa7-26b582d31ab4}</UniqueIdentifier>
    </Filter>
    <Filter Include="imgui">
      <UniqueIdentifier>{700abd9b-27f7-43f7-8d7d-f3e0bfbdf8f5}</UniqueIdentifier>
    </Filter>
    <Filter Include="imgui\files">
      <UniqueIdentifier>{ee6a1b27-ff72-4384-a905-1d4ca7c65a27}</UniqueIdentifier>
    </Filter>
    <Filter Include="Input">
      <UniqueIdentifier>{995cd996-45f0-4f84-a81c-41ce55430cb2}</UniqueIdentifier>
    </Filter>
  </ItemGroup>
  <ItemGroup>
    <ClInclude Include="Singleton.h">
      <Filter>Header Files</Filter>
    </ClInclude>
    <ClInclude Include="ResourceManager.h">
      <Filter>Header Files</Filter>
    </ClInclude>
    <ClInclude Include="Renderer.h">
      <Filter>Header Files</Filter>
    </ClInclude>
    <ClInclude Include="Texture2D.h">
      <Filter>Header Files</Filter>
    </ClInclude>
    <ClInclude Include="InputManager.h">
      <Filter>Header Files</Filter>
    </ClInclude>
    <ClInclude Include="GameObject.h">
      <Filter>Header Files</Filter>
    </ClInclude>
    <ClInclude Include="Transform.h">
      <Filter>Header Files</Filter>
    </ClInclude>
    <ClInclude Include="Scene.h">
      <Filter>Header Files</Filter>
    </ClInclude>
    <ClInclude Include="SceneManager.h">
      <Filter>Header Files</Filter>
    </ClInclude>
    <ClInclude Include="Font.h">
      <Filter>Header Files</Filter>
    </ClInclude>
    <ClInclude Include="Minigin.h">
      <Filter>Header Files</Filter>
    </ClInclude>
    <ClInclude Include="ObjectComponent.h">
      <Filter>Components\Header Files</Filter>
    </ClInclude>
    <ClInclude Include="TextComponent.h">
      <Filter>Components\Header Files</Filter>
    </ClInclude>
    <ClInclude Include="TextureComponent.h">
      <Filter>Components\Header Files</Filter>
    </ClInclude>
    <ClInclude Include="FPSComponent.h">
      <Filter>Components\Header Files</Filter>
    </ClInclude>
    <ClInclude Include="RotatingComponent.h">
      <Filter>Components\Header Files</Filter>
    </ClInclude>
    <ClInclude Include="..\3rdParty\imgui-1.90.4\imconfig.h">
      <Filter>imgui\files</Filter>
    </ClInclude>
    <ClInclude Include="..\3rdParty\imgui-1.90.4\imgui.h">
      <Filter>imgui\files</Filter>
    </ClInclude>
    <ClInclude Include="..\3rdParty\imgui-1.90.4\backends\imgui_impl_opengl3.h">
      <Filter>imgui\files</Filter>
    </ClInclude>
    <ClInclude Include="..\3rdParty\imgui-1.90.4\backends\imgui_impl_sdl2.h">
      <Filter>imgui\files</Filter>
    </ClInclude>
    <ClInclude Include="..\3rdParty\imgui-1.90.4\imgui_internal.h">
      <Filter>imgui\files</Filter>
    </ClInclude>
    <ClInclude Include="..\3rdParty\imgui-1.90.4\plot-master\imgui_plot.h">
      <Filter>imgui\files</Filter>
    </ClInclude>
    <ClInclude Include="..\3rdParty\imgui-1.90.4\imstb_rectpack.h">
      <Filter>imgui\files</Filter>
    </ClInclude>
    <ClInclude Include="..\3rdParty\imgui-1.90.4\imstb_textedit.h">
      <Filter>imgui\files</Filter>
    </ClInclude>
    <ClInclude Include="..\3rdParty\imgui-1.90.4\imstb_truetype.h">
      <Filter>imgui\files</Filter>
    </ClInclude>
    <ClInclude Include="GraphSteps.h">
      <Filter>imgui</Filter>
    </ClInclude>
    <ClInclude Include="Command.h">
      <Filter>Input</Filter>
    </ClInclude>
    <ClInclude Include="InputHandler.h">
      <Filter>Input</Filter>
    </ClInclude>
  </ItemGroup>
  <ItemGroup>
    <ClCompile Include="ResourceManager.cpp">
      <Filter>Source Files</Filter>
    </ClCompile>
    <ClCompile Include="Renderer.cpp">
      <Filter>Source Files</Filter>
    </ClCompile>
    <ClCompile Include="Texture2D.cpp">
      <Filter>Source Files</Filter>
    </ClCompile>
    <ClCompile Include="InputManager.cpp">
      <Filter>Source Files</Filter>
    </ClCompile>
    <ClCompile Include="GameObject.cpp">
      <Filter>Source Files</Filter>
    </ClCompile>
    <ClCompile Include="Transform.cpp">
      <Filter>Source Files</Filter>
    </ClCompile>
    <ClCompile Include="Scene.cpp">
      <Filter>Source Files</Filter>
    </ClCompile>
    <ClCompile Include="SceneManager.cpp">
      <Filter>Source Files</Filter>
    </ClCompile>
    <ClCompile Include="Font.cpp">
      <Filter>Source Files</Filter>
    </ClCompile>
    <ClCompile Include="Main.cpp">
      <Filter>Source Files</Filter>
    </ClCompile>
    <ClCompile Include="Minigin.cpp">
      <Filter>Source Files</Filter>
    </ClCompile>
    <ClCompile Include="ObjectComponent.cpp">
      <Filter>Components\Source Files</Filter>
    </ClCompile>
    <ClCompile Include="TextComponent.cpp">
      <Filter>Components\Source Files</Filter>
    </ClCompile>
    <ClCompile Include="TextureComponent.cpp">
      <Filter>Components\Source Files</Filter>
    </ClCompile>
    <ClCompile Include="FPSComponent.cpp">
      <Filter>Components\Source Files</Filter>
    </ClCompile>
    <ClCompile Include="RotatingComponent.cpp">
      <Filter>Components\Source Files</Filter>
    </ClCompile>
    <ClCompile Include="..\3rdParty\imgui-1.90.4\imgui.cpp">
      <Filter>imgui\files</Filter>
    </ClCompile>
    <ClCompile Include="..\3rdParty\imgui-1.90.4\imgui_demo.cpp">
      <Filter>imgui\files</Filter>
    </ClCompile>
    <ClCompile Include="..\3rdParty\imgui-1.90.4\imgui_draw.cpp">
      <Filter>imgui\files</Filter>
    </ClCompile>
    <ClCompile Include="..\3rdParty\imgui-1.90.4\backends\imgui_impl_opengl3.cpp">
      <Filter>imgui\files</Filter>
    </ClCompile>
    <ClCompile Include="..\3rdParty\imgui-1.90.4\backends\imgui_impl_sdl2.cpp">
      <Filter>imgui\files</Filter>
    </ClCompile>
    <ClCompile Include="..\3rdParty\imgui-1.90.4\plot-master\imgui_plot.cpp">
      <Filter>imgui\files</Filter>
    </ClCompile>
    <ClCompile Include="..\3rdParty\imgui-1.90.4\imgui_tables.cpp">
      <Filter>imgui\files</Filter>
    </ClCompile>
    <ClCompile Include="..\3rdParty\imgui-1.90.4\imgui_widgets.cpp">
      <Filter>imgui\files</Filter>
    </ClCompile>
    <ClCompile Include="GraphSteps.cpp">
      <Filter>imgui</Filter>
    </ClCompile>
    <ClCompile Include="Command.cpp">
      <Filter>Input</Filter>
    </ClCompile>
    <ClCompile Include="InputHandler.cpp">
      <Filter>Input</Filter>
    </ClCompile>
  </ItemGroup>
</Project>